// !$*UTF8*$!
{
	archiveVersion = 1;
	classes = {
	};
	objectVersion = 50;
	objects = {

/* Begin PBXBuildFile section */
		AC10E92D212A1C63001BCEE7 /* AppDelegate.swift in Sources */ = {isa = PBXBuildFile; fileRef = AC10E92C212A1C63001BCEE7 /* AppDelegate.swift */; };
		AC10E92F212A1C63001BCEE7 /* ViewController.swift in Sources */ = {isa = PBXBuildFile; fileRef = AC10E92E212A1C63001BCEE7 /* ViewController.swift */; };
		AC10E932212A1C63001BCEE7 /* Main.storyboard in Resources */ = {isa = PBXBuildFile; fileRef = AC10E930212A1C63001BCEE7 /* Main.storyboard */; };
		AC10E934212A1C66001BCEE7 /* Assets.xcassets in Resources */ = {isa = PBXBuildFile; fileRef = AC10E933212A1C66001BCEE7 /* Assets.xcassets */; };
		AC10E937212A1C66001BCEE7 /* LaunchScreen.storyboard in Resources */ = {isa = PBXBuildFile; fileRef = AC10E935212A1C66001BCEE7 /* LaunchScreen.storyboard */; };
		AC10E93F212A2FE4001BCEE7 /* GoogleService-Info.plist in Resources */ = {isa = PBXBuildFile; fileRef = AC10E93E212A2FE4001BCEE7 /* GoogleService-Info.plist */; };
		AC10E94521331F01001BCEE7 /* MenuItem.swift in Sources */ = {isa = PBXBuildFile; fileRef = AC10E94421331F01001BCEE7 /* MenuItem.swift */; };
		D289EC7F7C3348E46D344BF1 /* Pods_CARL_Eats.framework in Frameworks */ = {isa = PBXBuildFile; fileRef = AEEB776816AA29137F8D0B40 /* Pods_CARL_Eats.framework */; };
/* End PBXBuildFile section */

/* Begin PBXFileReference section */
		39E5EA42781F6B2167CD0B30 /* Pods-CARL Eats.debug.xcconfig */ = {isa = PBXFileReference; includeInIndex = 1; lastKnownFileType = text.xcconfig; name = "Pods-CARL Eats.debug.xcconfig"; path = "Pods/Target Support Files/Pods-CARL Eats/Pods-CARL Eats.debug.xcconfig"; sourceTree = "<group>"; };
		AC10E929212A1C63001BCEE7 /* CARL Eats.app */ = {isa = PBXFileReference; explicitFileType = wrapper.application; includeInIndex = 0; path = "CARL Eats.app"; sourceTree = BUILT_PRODUCTS_DIR; };
		AC10E92C212A1C63001BCEE7 /* AppDelegate.swift */ = {isa = PBXFileReference; lastKnownFileType = sourcecode.swift; path = AppDelegate.swift; sourceTree = "<group>"; };
		AC10E92E212A1C63001BCEE7 /* ViewController.swift */ = {isa = PBXFileReference; lastKnownFileType = sourcecode.swift; path = ViewController.swift; sourceTree = "<group>"; };
		AC10E931212A1C63001BCEE7 /* Base */ = {isa = PBXFileReference; lastKnownFileType = file.storyboard; name = Base; path = Base.lproj/Main.storyboard; sourceTree = "<group>"; };
		AC10E933212A1C66001BCEE7 /* Assets.xcassets */ = {isa = PBXFileReference; lastKnownFileType = folder.assetcatalog; path = Assets.xcassets; sourceTree = "<group>"; };
		AC10E936212A1C66001BCEE7 /* Base */ = {isa = PBXFileReference; lastKnownFileType = file.storyboard; name = Base; path = Base.lproj/LaunchScreen.storyboard; sourceTree = "<group>"; };
		AC10E938212A1C66001BCEE7 /* Info.plist */ = {isa = PBXFileReference; lastKnownFileType = text.plist.xml; path = Info.plist; sourceTree = "<group>"; };
		AC10E93E212A2FE4001BCEE7 /* GoogleService-Info.plist */ = {isa = PBXFileReference; fileEncoding = 4; lastKnownFileType = text.plist.xml; path = "GoogleService-Info.plist"; sourceTree = "<group>"; };
		AC10E94421331F01001BCEE7 /* MenuItem.swift */ = {isa = PBXFileReference; lastKnownFileType = sourcecode.swift; path = MenuItem.swift; sourceTree = "<group>"; };
		AEEB776816AA29137F8D0B40 /* Pods_CARL_Eats.framework */ = {isa = PBXFileReference; explicitFileType = wrapper.framework; includeInIndex = 0; path = Pods_CARL_Eats.framework; sourceTree = BUILT_PRODUCTS_DIR; };
		E51966BE456F2EB164307F88 /* Pods-CARL Eats.release.xcconfig */ = {isa = PBXFileReference; includeInIndex = 1; lastKnownFileType = text.xcconfig; name = "Pods-CARL Eats.release.xcconfig"; path = "Pods/Target Support Files/Pods-CARL Eats/Pods-CARL Eats.release.xcconfig"; sourceTree = "<group>"; };
/* End PBXFileReference section */

/* Begin PBXFrameworksBuildPhase section */
		AC10E926212A1C63001BCEE7 /* Frameworks */ = {
			isa = PBXFrameworksBuildPhase;
			buildActionMask = 2147483647;
			files = (
				D289EC7F7C3348E46D344BF1 /* Pods_CARL_Eats.framework in Frameworks */,
			);
			runOnlyForDeploymentPostprocessing = 0;
		};
/* End PBXFrameworksBuildPhase section */

/* Begin PBXGroup section */
		0782BED131F0578740560C8F /* Frameworks */ = {
			isa = PBXGroup;
			children = (
				AEEB776816AA29137F8D0B40 /* Pods_CARL_Eats.framework */,
			);
			name = Frameworks;
			sourceTree = "<group>";
		};
		4F66FD301D6F88F86E77E79A /* Pods */ = {
			isa = PBXGroup;
			children = (
				39E5EA42781F6B2167CD0B30 /* Pods-CARL Eats.debug.xcconfig */,
				E51966BE456F2EB164307F88 /* Pods-CARL Eats.release.xcconfig */,
			);
			name = Pods;
			sourceTree = "<group>";
		};
		AC10E920212A1C63001BCEE7 = {
			isa = PBXGroup;
			children = (
				AC10E92B212A1C63001BCEE7 /* CARL Eats */,
				AC10E92A212A1C63001BCEE7 /* Products */,
				4F66FD301D6F88F86E77E79A /* Pods */,
				0782BED131F0578740560C8F /* Frameworks */,
			);
			sourceTree = "<group>";
		};
		AC10E92A212A1C63001BCEE7 /* Products */ = {
			isa = PBXGroup;
			children = (
				AC10E929212A1C63001BCEE7 /* CARL Eats.app */,
			);
			name = Products;
			sourceTree = "<group>";
		};
		AC10E92B212A1C63001BCEE7 /* CARL Eats */ = {
			isa = PBXGroup;
			children = (
				AC10E938212A1C66001BCEE7 /* Info.plist */,
				AC10E93E212A2FE4001BCEE7 /* GoogleService-Info.plist */,
				AC10E94221331E50001BCEE7 /* Model */,
				AC10E94121331E4D001BCEE7 /* View */,
				AC10E94021331E49001BCEE7 /* Controller */,
				AC10E933212A1C66001BCEE7 /* Assets.xcassets */,
				AC10E94321331EB0001BCEE7 /* Supporting Files */,
			);
			path = "CARL Eats";
			sourceTree = "<group>";
		};
		AC10E94021331E49001BCEE7 /* Controller */ = {
			isa = PBXGroup;
			children = (
				AC10E92C212A1C63001BCEE7 /* AppDelegate.swift */,
				AC10E92E212A1C63001BCEE7 /* ViewController.swift */,
			);
			path = Controller;
			sourceTree = "<group>";
		};
		AC10E94121331E4D001BCEE7 /* View */ = {
			isa = PBXGroup;
			children = (
				AC10E935212A1C66001BCEE7 /* LaunchScreen.storyboard */,
				AC10E930212A1C63001BCEE7 /* Main.storyboard */,
			);
			path = View;
			sourceTree = "<group>";
		};
		AC10E94221331E50001BCEE7 /* Model */ = {
			isa = PBXGroup;
			children = (
				AC10E94421331F01001BCEE7 /* MenuItem.swift */,
			);
			path = Model;
			sourceTree = "<group>";
		};
		AC10E94321331EB0001BCEE7 /* Supporting Files */ = {
			isa = PBXGroup;
			children = (
			);
			path = "Supporting Files";
			sourceTree = "<group>";
		};
/* End PBXGroup section */

/* Begin PBXNativeTarget section */
		AC10E928212A1C63001BCEE7 /* CARL Eats */ = {
			isa = PBXNativeTarget;
			buildConfigurationList = AC10E93B212A1C66001BCEE7 /* Build configuration list for PBXNativeTarget "CARL Eats" */;
			buildPhases = (
				64DDD4D785255E13BAA294CA /* [CP] Check Pods Manifest.lock */,
				AC10E925212A1C63001BCEE7 /* Sources */,
				AC10E926212A1C63001BCEE7 /* Frameworks */,
				AC10E927212A1C63001BCEE7 /* Resources */,
				45829D3B504EE28E972D4DC6 /* [CP] Embed Pods Frameworks */,
			);
			buildRules = (
			);
			dependencies = (
			);
			name = "CARL Eats";
			productName = "CARL Eats";
			productReference = AC10E929212A1C63001BCEE7 /* CARL Eats.app */;
			productType = "com.apple.product-type.application";
		};
/* End PBXNativeTarget section */

/* Begin PBXProject section */
		AC10E921212A1C63001BCEE7 /* Project object */ = {
			isa = PBXProject;
			attributes = {
				LastSwiftUpdateCheck = 0940;
				LastUpgradeCheck = 0940;
				ORGANIZATIONNAME = "Chris Tordi";
				TargetAttributes = {
					AC10E928212A1C63001BCEE7 = {
						CreatedOnToolsVersion = 9.4.1;
					};
				};
			};
			buildConfigurationList = AC10E924212A1C63001BCEE7 /* Build configuration list for PBXProject "CARL Eats" */;
			compatibilityVersion = "Xcode 9.3";
			developmentRegion = en;
			hasScannedForEncodings = 0;
			knownRegions = (
				en,
				Base,
			);
			mainGroup = AC10E920212A1C63001BCEE7;
			productRefGroup = AC10E92A212A1C63001BCEE7 /* Products */;
			projectDirPath = "";
			projectRoot = "";
			targets = (
				AC10E928212A1C63001BCEE7 /* CARL Eats */,
			);
		};
/* End PBXProject section */

/* Begin PBXResourcesBuildPhase section */
		AC10E927212A1C63001BCEE7 /* Resources */ = {
			isa = PBXResourcesBuildPhase;
			buildActionMask = 2147483647;
			files = (
				AC10E937212A1C66001BCEE7 /* LaunchScreen.storyboard in Resources */,
				AC10E93F212A2FE4001BCEE7 /* GoogleService-Info.plist in Resources */,
				AC10E934212A1C66001BCEE7 /* Assets.xcassets in Resources */,
				AC10E932212A1C63001BCEE7 /* Main.storyboard in Resources */,
			);
			runOnlyForDeploymentPostprocessing = 0;
		};
/* End PBXResourcesBuildPhase section */

/* Begin PBXShellScriptBuildPhase section */
		45829D3B504EE28E972D4DC6 /* [CP] Embed Pods Frameworks */ = {
			isa = PBXShellScriptBuildPhase;
			buildActionMask = 2147483647;
			files = (
			);
			inputPaths = (
				"${SRCROOT}/Pods/Target Support Files/Pods-CARL Eats/Pods-CARL Eats-frameworks.sh",
				"${BUILT_PRODUCTS_DIR}/ChameleonFramework/ChameleonFramework.framework",
				"${BUILT_PRODUCTS_DIR}/GTMSessionFetcher/GTMSessionFetcher.framework",
				"${BUILT_PRODUCTS_DIR}/GoogleUtilities/GoogleUtilities.framework",
				"${BUILT_PRODUCTS_DIR}/SVProgressHUD/SVProgressHUD.framework",
				"${BUILT_PRODUCTS_DIR}/leveldb-library/leveldb.framework",
				"${BUILT_PRODUCTS_DIR}/nanopb/nanopb.framework",
			);
			name = "[CP] Embed Pods Frameworks";
			outputPaths = (
				"${TARGET_BUILD_DIR}/${FRAMEWORKS_FOLDER_PATH}/ChameleonFramework.framework",
				"${TARGET_BUILD_DIR}/${FRAMEWORKS_FOLDER_PATH}/GTMSessionFetcher.framework",
				"${TARGET_BUILD_DIR}/${FRAMEWORKS_FOLDER_PATH}/GoogleUtilities.framework",
				"${TARGET_BUILD_DIR}/${FRAMEWORKS_FOLDER_PATH}/SVProgressHUD.framework",
				"${TARGET_BUILD_DIR}/${FRAMEWORKS_FOLDER_PATH}/leveldb.framework",
				"${TARGET_BUILD_DIR}/${FRAMEWORKS_FOLDER_PATH}/nanopb.framework",
			);
			runOnlyForDeploymentPostprocessing = 0;
			shellPath = /bin/sh;
			shellScript = "\"${SRCROOT}/Pods/Target Support Files/Pods-CARL Eats/Pods-CARL Eats-frameworks.sh\"\n";
			showEnvVarsInLog = 0;
		};
		64DDD4D785255E13BAA294CA /* [CP] Check Pods Manifest.lock */ = {
			isa = PBXShellScriptBuildPhase;
			buildActionMask = 2147483647;
			files = (
			);
			inputPaths = (
				"${PODS_PODFILE_DIR_PATH}/Podfile.lock",
				"${PODS_ROOT}/Manifest.lock",
			);
			name = "[CP] Check Pods Manifest.lock";
			outputPaths = (
				"$(DERIVED_FILE_DIR)/Pods-CARL Eats-checkManifestLockResult.txt",
			);
			runOnlyForDeploymentPostprocessing = 0;
			shellPath = /bin/sh;
			shellScript = "diff \"${PODS_PODFILE_DIR_PATH}/Podfile.lock\" \"${PODS_ROOT}/Manifest.lock\" > /dev/null\nif [ $? != 0 ] ; then\n    # print error to STDERR\n    echo \"error: The sandbox is not in sync with the Podfile.lock. Run 'pod install' or update your CocoaPods installation.\" >&2\n    exit 1\nfi\n# This output is used by Xcode 'outputs' to avoid re-running this script phase.\necho \"SUCCESS\" > \"${SCRIPT_OUTPUT_FILE_0}\"\n";
			showEnvVarsInLog = 0;
		};
/* End PBXShellScriptBuildPhase section */

/* Begin PBXSourcesBuildPhase section */
		AC10E925212A1C63001BCEE7 /* Sources */ = {
			isa = PBXSourcesBuildPhase;
			buildActionMask = 2147483647;
			files = (
				AC10E94521331F01001BCEE7 /* MenuItem.swift in Sources */,
				AC10E92F212A1C63001BCEE7 /* ViewController.swift in Sources */,
				AC10E92D212A1C63001BCEE7 /* AppDelegate.swift in Sources */,
			);
			runOnlyForDeploymentPostprocessing = 0;
		};
/* End PBXSourcesBuildPhase section */

/* Begin PBXVariantGroup section */
		AC10E930212A1C63001BCEE7 /* Main.storyboard */ = {
			isa = PBXVariantGroup;
			children = (
				AC10E931212A1C63001BCEE7 /* Base */,
			);
			name = Main.storyboard;
			sourceTree = "<group>";
		};
		AC10E935212A1C66001BCEE7 /* LaunchScreen.storyboard */ = {
			isa = PBXVariantGroup;
			children = (
				AC10E936212A1C66001BCEE7 /* Base */,
			);
			name = LaunchScreen.storyboard;
			sourceTree = "<group>";
		};
/* End PBXVariantGroup section */

/* Begin XCBuildConfiguration section */
		AC10E939212A1C66001BCEE7 /* Debug */ = {
			isa = XCBuildConfiguration;
			buildSettings = {
				ALWAYS_SEARCH_USER_PATHS = NO;
				CLANG_ANALYZER_NONNULL = YES;
				CLANG_ANALYZER_NUMBER_OBJECT_CONVERSION = YES_AGGRESSIVE;
				CLANG_CXX_LANGUAGE_STANDARD = "gnu++14";
				CLANG_CXX_LIBRARY = "libc++";
				CLANG_ENABLE_MODULES = YES;
				CLANG_ENABLE_OBJC_ARC = YES;
				CLANG_ENABLE_OBJC_WEAK = YES;
				CLANG_WARN_BLOCK_CAPTURE_AUTORELEASING = YES;
				CLANG_WARN_BOOL_CONVERSION = YES;
				CLANG_WARN_COMMA = YES;
				CLANG_WARN_CONSTANT_CONVERSION = YES;
				CLANG_WARN_DEPRECATED_OBJC_IMPLEMENTATIONS = YES;
				CLANG_WARN_DIRECT_OBJC_ISA_USAGE = YES_ERROR;
				CLANG_WARN_DOCUMENTATION_COMMENTS = YES;
				CLANG_WARN_EMPTY_BODY = YES;
				CLANG_WARN_ENUM_CONVERSION = YES;
				CLANG_WARN_INFINITE_RECURSION = YES;
				CLANG_WARN_INT_CONVERSION = YES;
				CLANG_WARN_NON_LITERAL_NULL_CONVERSION = YES;
				CLANG_WARN_OBJC_IMPLICIT_RETAIN_SELF = YES;
				CLANG_WARN_OBJC_LITERAL_CONVERSION = YES;
				CLANG_WARN_OBJC_ROOT_CLASS = YES_ERROR;
				CLANG_WARN_RANGE_LOOP_ANALYSIS = YES;
				CLANG_WARN_STRICT_PROTOTYPES = YES;
				CLANG_WARN_SUSPICIOUS_MOVE = YES;
				CLANG_WARN_UNGUARDED_AVAILABILITY = YES_AGGRESSIVE;
				CLANG_WARN_UNREACHABLE_CODE = YES;
				CLANG_WARN__DUPLICATE_METHOD_MATCH = YES;
				CODE_SIGN_IDENTITY = "iPhone Developer";
				COPY_PHASE_STRIP = NO;
				DEBUG_INFORMATION_FORMAT = dwarf;
				ENABLE_STRICT_OBJC_MSGSEND = YES;
				ENABLE_TESTABILITY = YES;
				GCC_C_LANGUAGE_STANDARD = gnu11;
				GCC_DYNAMIC_NO_PIC = NO;
				GCC_NO_COMMON_BLOCKS = YES;
				GCC_OPTIMIZATION_LEVEL = 0;
				GCC_PREPROCESSOR_DEFINITIONS = (
					"DEBUG=1",
					"$(inherited)",
				);
				GCC_WARN_64_TO_32_BIT_CONVERSION = YES;
				GCC_WARN_ABOUT_RETURN_TYPE = YES_ERROR;
				GCC_WARN_UNDECLARED_SELECTOR = YES;
				GCC_WARN_UNINITIALIZED_AUTOS = YES_AGGRESSIVE;
				GCC_WARN_UNUSED_FUNCTION = YES;
				GCC_WARN_UNUSED_VARIABLE = YES;
				IPHONEOS_DEPLOYMENT_TARGET = 11.4;
				MTL_ENABLE_DEBUG_INFO = YES;
				ONLY_ACTIVE_ARCH = YES;
				SDKROOT = iphoneos;
				SWIFT_ACTIVE_COMPILATION_CONDITIONS = DEBUG;
				SWIFT_OPTIMIZATION_LEVEL = "-Onone";
			};
			name = Debug;
		};
		AC10E93A212A1C66001BCEE7 /* Release */ = {
			isa = XCBuildConfiguration;
			buildSettings = {
				ALWAYS_SEARCH_USER_PATHS = NO;
				CLANG_ANALYZER_NONNULL = YES;
				CLANG_ANALYZER_NUMBER_OBJECT_CONVERSION = YES_AGGRESSIVE;
				CLANG_CXX_LANGUAGE_STANDARD = "gnu++14";
				CLANG_CXX_LIBRARY = "libc++";
				CLANG_ENABLE_MODULES = YES;
				CLANG_ENABLE_OBJC_ARC = YES;
				CLANG_ENABLE_OBJC_WEAK = YES;
				CLANG_WARN_BLOCK_CAPTURE_AUTORELEASING = YES;
				CLANG_WARN_BOOL_CONVERSION = YES;
				CLANG_WARN_COMMA = YES;
				CLANG_WARN_CONSTANT_CONVERSION = YES;
				CLANG_WARN_DEPRECATED_OBJC_IMPLEMENTATIONS = YES;
				CLANG_WARN_DIRECT_OBJC_ISA_USAGE = YES_ERROR;
				CLANG_WARN_DOCUMENTATION_COMMENTS = YES;
				CLANG_WARN_EMPTY_BODY = YES;
				CLANG_WARN_ENUM_CONVERSION = YES;
				CLANG_WARN_INFINITE_RECURSION = YES;
				CLANG_WARN_INT_CONVERSION = YES;
				CLANG_WARN_NON_LITERAL_NULL_CONVERSION = YES;
				CLANG_WARN_OBJC_IMPLICIT_RETAIN_SELF = YES;
				CLANG_WARN_OBJC_LITERAL_CONVERSION = YES;
				CLANG_WARN_OBJC_ROOT_CLASS = YES_ERROR;
				CLANG_WARN_RANGE_LOOP_ANALYSIS = YES;
				CLANG_WARN_STRICT_PROTOTYPES = YES;
				CLANG_WARN_SUSPICIOUS_MOVE = YES;
				CLANG_WARN_UNGUARDED_AVAILABILITY = YES_AGGRESSIVE;
				CLANG_WARN_UNREACHABLE_CODE = YES;
				CLANG_WARN__DUPLICATE_METHOD_MATCH = YES;
				CODE_SIGN_IDENTITY = "iPhone Developer";
				COPY_PHASE_STRIP = NO;
				DEBUG_INFORMATION_FORMAT = "dwarf-with-dsym";
				ENABLE_NS_ASSERTIONS = NO;
				ENABLE_STRICT_OBJC_MSGSEND = YES;
				GCC_C_LANGUAGE_STANDARD = gnu11;
				GCC_NO_COMMON_BLOCKS = YES;
				GCC_WARN_64_TO_32_BIT_CONVERSION = YES;
				GCC_WARN_ABOUT_RETURN_TYPE = YES_ERROR;
				GCC_WARN_UNDECLARED_SELECTOR = YES;
				GCC_WARN_UNINITIALIZED_AUTOS = YES_AGGRESSIVE;
				GCC_WARN_UNUSED_FUNCTION = YES;
				GCC_WARN_UNUSED_VARIABLE = YES;
				IPHONEOS_DEPLOYMENT_TARGET = 11.4;
				MTL_ENABLE_DEBUG_INFO = NO;
				SDKROOT = iphoneos;
				SWIFT_COMPILATION_MODE = wholemodule;
				SWIFT_OPTIMIZATION_LEVEL = "-O";
				VALIDATE_PRODUCT = YES;
			};
			name = Release;
		};
		AC10E93C212A1C66001BCEE7 /* Debug */ = {
			isa = XCBuildConfiguration;
			baseConfigurationReference = 39E5EA42781F6B2167CD0B30 /* Pods-CARL Eats.debug.xcconfig */;
			buildSettings = {
				ASSETCATALOG_COMPILER_APPICON_NAME = AppIcon;
				CODE_SIGN_STYLE = Automatic;
				DEVELOPMENT_TEAM = 6R55S587B3;
				INFOPLIST_FILE = "CARL Eats/Info.plist";
				LD_RUNPATH_SEARCH_PATHS = (
					"$(inherited)",
					"@executable_path/Frameworks",
				);
				PRODUCT_BUNDLE_IDENTIFIER = "com.christordi.Flash-Chat";
				PRODUCT_NAME = "$(TARGET_NAME)";
				SWIFT_VERSION = 4.0;
				TARGETED_DEVICE_FAMILY = "1,2";
			};
			name = Debug;
		};
		AC10E93D212A1C66001BCEE7 /* Release */ = {
			isa = XCBuildConfiguration;
			baseConfigurationReference = E51966BE456F2EB164307F88 /* Pods-CARL Eats.release.xcconfig */;
			buildSettings = {
				ASSETCATALOG_COMPILER_APPICON_NAME = AppIcon;
				CODE_SIGN_STYLE = Automatic;
				DEVELOPMENT_TEAM = 6R55S587B3;
				INFOPLIST_FILE = "CARL Eats/Info.plist";
				LD_RUNPATH_SEARCH_PATHS = (
					"$(inherited)",
					"@executable_path/Frameworks",
				);
				PRODUCT_BUNDLE_IDENTIFIER = "com.christordi.Flash-Chat";
				PRODUCT_NAME = "$(TARGET_NAME)";
				SWIFT_VERSION = 4.0;
				TARGETED_DEVICE_FAMILY = "1,2";
			};
			name = Release;
		};
/* End XCBuildConfiguration section */

/* Begin XCConfigurationList section */
		AC10E924212A1C63001BCEE7 /* Build configuration list for PBXProject "CARL Eats" */ = {
			isa = XCConfigurationList;
			buildConfigurations = (
				AC10E939212A1C66001BCEE7 /* Debug */,
				AC10E93A212A1C66001BCEE7 /* Release */,
			);
			defaultConfigurationIsVisible = 0;
			defaultConfigurationName = Release;
		};
		AC10E93B212A1C66001BCEE7 /* Build configuration list for PBXNativeTarget "CARL Eats" */ = {
			isa = XCConfigurationList;
			buildConfigurations = (
				AC10E93C212A1C66001BCEE7 /* Debug */,
				AC10E93D212A1C66001BCEE7 /* Release */,
			);
			defaultConfigurationIsVisible = 0;
			defaultConfigurationName = Release;
		};
/* End XCConfigurationList section */
	};
	rootObject = AC10E921212A1C63001BCEE7 /* Project object */;
}
